<Solution>
  <Folder Name="/Src/">
    <File Path="compose.yaml" />
    <Project Path="src/Catalog.Service/Catalog.Service.csproj" />
    <Project Path="src/GamePlatform.Catalog.Contracts/GamePlatform.Catalog.Contracts.csproj" />
    <Project Path="src/GamePlatform.Common/GamePlatform.Common.csproj" />
    <Project Path="src/Inventory.Service/Inventory.Service.csproj" />
    <File Path="src/frontend/package.json" />
  </Folder>
</Solution>
